
Microsoft Visual Studio Solution File, Format Version 12.00
# Visual Studio Version 18
VisualStudioVersion = 18.4.11605.240
MinimumVisualStudioVersion = 10.0.40219.1
Project("{FAE04EC0-301F-11D3-BF4B-00C04F79EFBC}") = "BookingSystem", "BookingSystem\BookingSystem.csproj", "{D61AF26B-B824-4611-A3AF-3DB0B4319C0F}"
EndProject
Global
	GlobalSection(SolutionConfigurationPlatforms) = preSolution
		Debug|Any CPU = Debug|Any CPU
		Release|Any CPU = Release|Any CPU
	EndGlobalSection
	GlobalSection(ProjectConfigurationPlatforms) = postSolution
		{D61AF26B-B824-4611-A3AF-3DB0B4319C0F}.Debug|Any CPU.ActiveCfg = Debug|Any CPU
		{D61AF26B-B824-4611-A3AF-3DB0B4319C0F}.Debug|Any CPU.Build.0 = Debug|Any CPU
		{D61AF26B-B824-4611-A3AF-3DB0B4319C0F}.Release|Any CPU.ActiveCfg = Release|Any CPU
		{D61AF26B-B824-4611-A3AF-3DB0B4319C0F}.Release|Any CPU.Build.0 = Release|Any CPU
	EndGlobalSection
	GlobalSection(SolutionProperties) = preSolution
		HideSolutionNode = FALSE
	EndGlobalSection
	GlobalSection(ExtensibilityGlobals) = postSolution
		SolutionGuid = {0F949BEE-8A9A-4BEA-8959-36A7DFAEB80B}
	EndGlobalSection
EndGlobal
